PODS:
  - CryptoSwift (1.3.0)
  - Krypt (1.7.1):
    - CryptoSwift (~> 1.0)
    - OpenSSL (= 1.1.1g)
  - OpenSSL (1.1.1g)

DEPENDENCIES:
  - Krypt (from `../`)

SPEC REPOS:
  "git@github.com:VivyTeam/specs-ios.git":
    - OpenSSL
  trunk:
    - CryptoSwift

EXTERNAL SOURCES:
  Krypt:
    :path: "../"

SPEC CHECKSUMS:
  CryptoSwift: 1283821600233bdbeb96d7b389c3288c3bf77211
  Krypt: eea50b00d9d165e0472b3d3f3c8944f2ab899ecb
  OpenSSL: d258590c7d60fbc8d1fc299243f5425a732d2839

PODFILE CHECKSUM: edb567a6214d407af8ab1a08ae2643d23a45c4b8

COCOAPODS: 1.9.1
