PODS:
  - CryptoSwift (0.14.0)
  - Krypt (0.1.1):
    - CryptoSwift
    - OpenSSL (~> 1.1.1b)
  - OpenSSL (1.1.1b)

DEPENDENCIES:
  - Krypt (from `../`)

SPEC REPOS:
  https://github.com/cocoapods/specs.git:
    - CryptoSwift
  https://github.com/UvitaTeam/specs-ios.git:
    - OpenSSL

EXTERNAL SOURCES:
  Krypt:
    :path: "../"

SPEC CHECKSUMS:
  CryptoSwift: 35a10419f4dbf0619c13f8c1c180037e115323fa
  Krypt: a4394aced453703348b3b75b87eb48a01020eaf8
  OpenSSL: 6cb470319b5ab0d01fd68a668a8c06ec9e609796

PODFILE CHECKSUM: fc2e887cea3e1eb94aca140dc5b2c490f59436ea

COCOAPODS: 1.6.0
