// !$*UTF8*$!
{
	archiveVersion = 1;
	classes = {
	};
	objectVersion = 55;
	objects = {

/* Begin PBXBuildFile section */
		1B2154D428AD0AF70091592B /* AppDelegate.swift in Sources */ = {isa = PBXBuildFile; fileRef = 1B2154D328AD0AF70091592B /* AppDelegate.swift */; };
		1B2154D628AD0AF70091592B /* SceneDelegate.swift in Sources */ = {isa = PBXBuildFile; fileRef = 1B2154D528AD0AF70091592B /* SceneDelegate.swift */; };
		1B2154D828AD0AF70091592B /* ViewController.swift in Sources */ = {isa = PBXBuildFile; fileRef = 1B2154D728AD0AF70091592B /* ViewController.swift */; };
		1B2154DB28AD0AF70091592B /* Main.storyboard in Resources */ = {isa = PBXBuildFile; fileRef = 1B2154D928AD0AF70091592B /* Main.storyboard */; };
		1B2154DD28AD0AFA0091592B /* Assets.xcassets in Resources */ = {isa = PBXBuildFile; fileRef = 1B2154DC28AD0AFA0091592B /* Assets.xcassets */; };
		1B2154E028AD0AFA0091592B /* LaunchScreen.storyboard in Resources */ = {isa = PBXBuildFile; fileRef = 1B2154DE28AD0AFA0091592B /* LaunchScreen.storyboard */; };
		1B2154EB28AD0AFB0091592B /* KryptExampleTests.swift in Sources */ = {isa = PBXBuildFile; fileRef = 1B2154EA28AD0AFB0091592B /* KryptExampleTests.swift */; };
/* End PBXBuildFile section */

/* Begin PBXContainerItemProxy section */
		1B2154E728AD0AFA0091592B /* PBXContainerItemProxy */ = {
			isa = PBXContainerItemProxy;
			containerPortal = 1B2154C828AD0AF70091592B /* Project object */;
			proxyType = 1;
			remoteGlobalIDString = 1B2154CF28AD0AF70091592B;
			remoteInfo = KryptExample;
		};
/* End PBXContainerItemProxy section */

/* Begin PBXFileReference section */
		1B2154D028AD0AF70091592B /* KryptExample.app */ = {isa = PBXFileReference; explicitFileType = wrapper.application; includeInIndex = 0; path = KryptExample.app; sourceTree = BUILT_PRODUCTS_DIR; };
		1B2154D328AD0AF70091592B /* AppDelegate.swift */ = {isa = PBXFileReference; lastKnownFileType = sourcecode.swift; path = AppDelegate.swift; sourceTree = "<group>"; };
		1B2154D528AD0AF70091592B /* SceneDelegate.swift */ = {isa = PBXFileReference; lastKnownFileType = sourcecode.swift; path = SceneDelegate.swift; sourceTree = "<group>"; };
		1B2154D728AD0AF70091592B /* ViewController.swift */ = {isa = PBXFileReference; lastKnownFileType = sourcecode.swift; path = ViewController.swift; sourceTree = "<group>"; };
		1B2154DA28AD0AF70091592B /* Base */ = {isa = PBXFileReference; lastKnownFileType = file.storyboard; name = Base; path = Base.lproj/Main.storyboard; sourceTree = "<group>"; };
		1B2154DC28AD0AFA0091592B /* Assets.xcassets */ = {isa = PBXFileReference; lastKnownFileType = folder.assetcatalog; path = Assets.xcassets; sourceTree = "<group>"; };
		1B2154DF28AD0AFA0091592B /* Base */ = {isa = PBXFileReference; lastKnownFileType = file.storyboard; name = Base; path = Base.lproj/LaunchScreen.storyboard; sourceTree = "<group>"; };
		1B2154E128AD0AFA0091592B /* Info.plist */ = {isa = PBXFileReference; lastKnownFileType = text.plist.xml; path = Info.plist; sourceTree = "<group>"; };
		1B2154E628AD0AFA0091592B /* KryptExampleTests.xctest */ = {isa = PBXFileReference; explicitFileType = wrapper.cfbundle; includeInIndex = 0; path = KryptExampleTests.xctest; sourceTree = BUILT_PRODUCTS_DIR; };
		1B2154EA28AD0AFB0091592B /* KryptExampleTests.swift */ = {isa = PBXFileReference; lastKnownFileType = sourcecode.swift; path = KryptExampleTests.swift; sourceTree = "<group>"; };
/* End PBXFileReference section */

/* Begin PBXFrameworksBuildPhase section */
		1B2154CD28AD0AF70091592B /* Frameworks */ = {
			isa = PBXFrameworksBuildPhase;
			buildActionMask = 2147483647;
			files = (
			);
			runOnlyForDeploymentPostprocessing = 0;
		};
		1B2154E328AD0AFA0091592B /* Frameworks */ = {
			isa = PBXFrameworksBuildPhase;
			buildActionMask = 2147483647;
			files = (
			);
			runOnlyForDeploymentPostprocessing = 0;
		};
/* End PBXFrameworksBuildPhase section */

/* Begin PBXGroup section */
		1B2154C728AD0AF70091592B = {
			isa = PBXGroup;
			children = (
				1B2154D228AD0AF70091592B /* KryptExample */,
				1B2154E928AD0AFA0091592B /* KryptExampleTests */,
				1B2154D128AD0AF70091592B /* Products */,
			);
			sourceTree = "<group>";
		};
		1B2154D128AD0AF70091592B /* Products */ = {
			isa = PBXGroup;
			children = (
				1B2154D028AD0AF70091592B /* KryptExample.app */,
				1B2154E628AD0AFA0091592B /* KryptExampleTests.xctest */,
			);
			name = Products;
			sourceTree = "<group>";
		};
		1B2154D228AD0AF70091592B /* KryptExample */ = {
			isa = PBXGroup;
			children = (
				1B2154D328AD0AF70091592B /* AppDelegate.swift */,
				1B2154D528AD0AF70091592B /* SceneDelegate.swift */,
				1B2154D728AD0AF70091592B /* ViewController.swift */,
				1B2154D928AD0AF70091592B /* Main.storyboard */,
				1B2154DC28AD0AFA0091592B /* Assets.xcassets */,
				1B2154DE28AD0AFA0091592B /* LaunchScreen.storyboard */,
				1B2154E128AD0AFA0091592B /* Info.plist */,
			);
			path = KryptExample;
			sourceTree = "<group>";
		};
		1B2154E928AD0AFA0091592B /* KryptExampleTests */ = {
			isa = PBXGroup;
			children = (
				1B2154EA28AD0AFB0091592B /* KryptExampleTests.swift */,
			);
			path = KryptExampleTests;
			sourceTree = "<group>";
		};
/* End PBXGroup section */

/* Begin PBXNativeTarget section */
		1B2154CF28AD0AF70091592B /* KryptExample */ = {
			isa = PBXNativeTarget;
			buildConfigurationList = 1B2154FA28AD0AFB0091592B /* Build configuration list for PBXNativeTarget "KryptExample" */;
			buildPhases = (
				1B2154CC28AD0AF70091592B /* Sources */,
				1B2154CD28AD0AF70091592B /* Frameworks */,
				1B2154CE28AD0AF70091592B /* Resources */,
			);
			buildRules = (
			);
			dependencies = (
			);
			name = KryptExample;
			productName = KryptExample;
			productReference = 1B2154D028AD0AF70091592B /* KryptExample.app */;
			productType = "com.apple.product-type.application";
		};
		1B2154E528AD0AFA0091592B /* KryptExampleTests */ = {
			isa = PBXNativeTarget;
			buildConfigurationList = 1B2154FD28AD0AFB0091592B /* Build configuration list for PBXNativeTarget "KryptExampleTests" */;
			buildPhases = (
				1B2154E228AD0AFA0091592B /* Sources */,
				1B2154E328AD0AFA0091592B /* Frameworks */,
				1B2154E428AD0AFA0091592B /* Resources */,
			);
			buildRules = (
			);
			dependencies = (
				1B2154E828AD0AFA0091592B /* PBXTargetDependency */,
			);
			name = KryptExampleTests;
			productName = KryptExampleTests;
			productReference = 1B2154E628AD0AFA0091592B /* KryptExampleTests.xctest */;
			productType = "com.apple.product-type.bundle.unit-test";
		};
/* End PBXNativeTarget section */

/* Begin PBXProject section */
		1B2154C828AD0AF70091592B /* Project object */ = {
			isa = PBXProject;
			attributes = {
				BuildIndependentTargetsInParallel = 1;
				LastSwiftUpdateCheck = 1340;
				LastUpgradeCheck = 1340;
				TargetAttributes = {
					1B2154CF28AD0AF70091592B = {
						CreatedOnToolsVersion = 13.4.1;
					};
					1B2154E528AD0AFA0091592B = {
						CreatedOnToolsVersion = 13.4.1;
						TestTargetID = 1B2154CF28AD0AF70091592B;
					};
				};
			};
			buildConfigurationList = 1B2154CB28AD0AF70091592B /* Build configuration list for PBXProject "KryptExample" */;
			compatibilityVersion = "Xcode 13.0";
			developmentRegion = en;
			hasScannedForEncodings = 0;
			knownRegions = (
				en,
				Base,
			);
			mainGroup = 1B2154C728AD0AF70091592B;
			productRefGroup = 1B2154D128AD0AF70091592B /* Products */;
			projectDirPath = "";
			projectRoot = "";
			targets = (
				1B2154CF28AD0AF70091592B /* KryptExample */,
				1B2154E528AD0AFA0091592B /* KryptExampleTests */,
			);
		};
/* End PBXProject section */

/* Begin PBXResourcesBuildPhase section */
		1B2154CE28AD0AF70091592B /* Resources */ = {
			isa = PBXResourcesBuildPhase;
			buildActionMask = 2147483647;
			files = (
				1B2154E028AD0AFA0091592B /* LaunchScreen.storyboard in Resources */,
				1B2154DD28AD0AFA0091592B /* Assets.xcassets in Resources */,
				1B2154DB28AD0AF70091592B /* Main.storyboard in Resources */,
			);
			runOnlyForDeploymentPostprocessing = 0;
		};
		1B2154E428AD0AFA0091592B /* Resources */ = {
			isa = PBXResourcesBuildPhase;
			buildActionMask = 2147483647;
			files = (
			);
			runOnlyForDeploymentPostprocessing = 0;
		};
/* End PBXResourcesBuildPhase section */

/* Begin PBXSourcesBuildPhase section */
		1B2154CC28AD0AF70091592B /* Sources */ = {
			isa = PBXSourcesBuildPhase;
			buildActionMask = 2147483647;
			files = (
				1B2154D828AD0AF70091592B /* ViewController.swift in Sources */,
				1B2154D428AD0AF70091592B /* AppDelegate.swift in Sources */,
				1B2154D628AD0AF70091592B /* SceneDelegate.swift in Sources */,
			);
			runOnlyForDeploymentPostprocessing = 0;
		};
		1B2154E228AD0AFA0091592B /* Sources */ = {
			isa = PBXSourcesBuildPhase;
			buildActionMask = 2147483647;
			files = (
				1B2154EB28AD0AFB0091592B /* KryptExampleTests.swift in Sources */,
			);
			runOnlyForDeploymentPostprocessing = 0;
		};
/* End PBXSourcesBuildPhase section */

/* Begin PBXTargetDependency section */
		1B2154E828AD0AFA0091592B /* PBXTargetDependency */ = {
			isa = PBXTargetDependency;
			target = 1B2154CF28AD0AF70091592B /* KryptExample */;
			targetProxy = 1B2154E728AD0AFA0091592B /* PBXContainerItemProxy */;
		};
/* End PBXTargetDependency section */

/* Begin PBXVariantGroup section */
		1B2154D928AD0AF70091592B /* Main.storyboard */ = {
			isa = PBXVariantGroup;
			children = (
				1B2154DA28AD0AF70091592B /* Base */,
			);
			name = Main.storyboard;
			sourceTree = "<group>";
		};
		1B2154DE28AD0AFA0091592B /* LaunchScreen.storyboard */ = {
			isa = PBXVariantGroup;
			children = (
				1B2154DF28AD0AFA0091592B /* Base */,
			);
			name = LaunchScreen.storyboard;
			sourceTree = "<group>";
		};
/* End PBXVariantGroup section */

/* Begin XCBuildConfiguration section */
		1B2154F828AD0AFB0091592B /* Debug */ = {
			isa = XCBuildConfiguration;
			buildSettings = {
				ALWAYS_SEARCH_USER_PATHS = NO;
				CLANG_ANALYZER_NONNULL = YES;
				CLANG_ANALYZER_NUMBER_OBJECT_CONVERSION = YES_AGGRESSIVE;
				CLANG_CXX_LANGUAGE_STANDARD = "gnu++17";
				CLANG_ENABLE_MODULES = YES;
				CLANG_ENABLE_OBJC_ARC = YES;
				CLANG_ENABLE_OBJC_WEAK = YES;
				CLANG_WARN_BLOCK_CAPTURE_AUTORELEASING = YES;
				CLANG_WARN_BOOL_CONVERSION = YES;
				CLANG_WARN_COMMA = YES;
				CLANG_WARN_CONSTANT_CONVERSION = YES;
				CLANG_WARN_DEPRECATED_OBJC_IMPLEMENTATIONS = YES;
				CLANG_WARN_DIRECT_OBJC_ISA_USAGE = YES_ERROR;
				CLANG_WARN_DOCUMENTATION_COMMENTS = YES;
				CLANG_WARN_EMPTY_BODY = YES;
				CLANG_WARN_ENUM_CONVERSION = YES;
				CLANG_WARN_INFINITE_RECURSION = YES;
				CLANG_WARN_INT_CONVERSION = YES;
				CLANG_WARN_NON_LITERAL_NULL_CONVERSION = YES;
				CLANG_WARN_OBJC_IMPLICIT_RETAIN_SELF = YES;
				CLANG_WARN_OBJC_LITERAL_CONVERSION = YES;
				CLANG_WARN_OBJC_ROOT_CLASS = YES_ERROR;
				CLANG_WARN_QUOTED_INCLUDE_IN_FRAMEWORK_HEADER = YES;
				CLANG_WARN_RANGE_LOOP_ANALYSIS = YES;
				CLANG_WARN_STRICT_PROTOTYPES = YES;
				CLANG_WARN_SUSPICIOUS_MOVE = YES;
				CLANG_WARN_UNGUARDED_AVAILABILITY = YES_AGGRESSIVE;
				CLANG_WARN_UNREACHABLE_CODE = YES;
				CLANG_WARN__DUPLICATE_METHOD_MATCH = YES;
				COPY_PHASE_STRIP = NO;
				DEBUG_INFORMATION_FORMAT = dwarf;
				ENABLE_STRICT_OBJC_MSGSEND = YES;
				ENABLE_TESTABILITY = YES;
				GCC_C_LANGUAGE_STANDARD = gnu11;
				GCC_DYNAMIC_NO_PIC = NO;
				GCC_NO_COMMON_BLOCKS = YES;
				GCC_OPTIMIZATION_LEVEL = 0;
				GCC_PREPROCESSOR_DEFINITIONS = (
					"DEBUG=1",
					"$(inherited)",
				);
				GCC_WARN_64_TO_32_BIT_CONVERSION = YES;
				GCC_WARN_ABOUT_RETURN_TYPE = YES_ERROR;
				GCC_WARN_UNDECLARED_SELECTOR = YES;
				GCC_WARN_UNINITIALIZED_AUTOS = YES_AGGRESSIVE;
				GCC_WARN_UNUSED_FUNCTION = YES;
				GCC_WARN_UNUSED_VARIABLE = YES;
				IPHONEOS_DEPLOYMENT_TARGET = 13.0;
				MTL_ENABLE_DEBUG_INFO = INCLUDE_SOURCE;
				MTL_FAST_MATH = YES;
				ONLY_ACTIVE_ARCH = YES;
				SDKROOT = iphoneos;
				SWIFT_ACTIVE_COMPILATION_CONDITIONS = DEBUG;
				SWIFT_OPTIMIZATION_LEVEL = "-Onone";
			};
			name = Debug;
		};
		1B2154F928AD0AFB0091592B /* Release */ = {
			isa = XCBuildConfiguration;
			buildSettings = {
				ALWAYS_SEARCH_USER_PATHS = NO;
				CLANG_ANALYZER_NONNULL = YES;
				CLANG_ANALYZER_NUMBER_OBJECT_CONVERSION = YES_AGGRESSIVE;
				CLANG_CXX_LANGUAGE_STANDARD = "gnu++17";
				CLANG_ENABLE_MODULES = YES;
				CLANG_ENABLE_OBJC_ARC = YES;
				CLANG_ENABLE_OBJC_WEAK = YES;
				CLANG_WARN_BLOCK_CAPTURE_AUTORELEASING = YES;
				CLANG_WARN_BOOL_CONVERSION = YES;
				CLANG_WARN_COMMA = YES;
				CLANG_WARN_CONSTANT_CONVERSION = YES;
				CLANG_WARN_DEPRECATED_OBJC_IMPLEMENTATIONS = YES;
				CLANG_WARN_DIRECT_OBJC_ISA_USAGE = YES_ERROR;
				CLANG_WARN_DOCUMENTATION_COMMENTS = YES;
				CLANG_WARN_EMPTY_BODY = YES;
				CLANG_WARN_ENUM_CONVERSION = YES;
				CLANG_WARN_INFINITE_RECURSION = YES;
				CLANG_WARN_INT_CONVERSION = YES;
				CLANG_WARN_NON_LITERAL_NULL_CONVERSION = YES;
				CLANG_WARN_OBJC_IMPLICIT_RETAIN_SELF = YES;
				CLANG_WARN_OBJC_LITERAL_CONVERSION = YES;
				CLANG_WARN_OBJC_ROOT_CLASS = YES_ERROR;
				CLANG_WARN_QUOTED_INCLUDE_IN_FRAMEWORK_HEADER = YES;
				CLANG_WARN_RANGE_LOOP_ANALYSIS = YES;
				CLANG_WARN_STRICT_PROTOTYPES = YES;
				CLANG_WARN_SUSPICIOUS_MOVE = YES;
				CLANG_WARN_UNGUARDED_AVAILABILITY = YES_AGGRESSIVE;
				CLANG_WARN_UNREACHABLE_CODE = YES;
				CLANG_WARN__DUPLICATE_METHOD_MATCH = YES;
				COPY_PHASE_STRIP = NO;
				DEBUG_INFORMATION_FORMAT = "dwarf-with-dsym";
				ENABLE_NS_ASSERTIONS = NO;
				ENABLE_STRICT_OBJC_MSGSEND = YES;
				GCC_C_LANGUAGE_STANDARD = gnu11;
				GCC_NO_COMMON_BLOCKS = YES;
				GCC_WARN_64_TO_32_BIT_CONVERSION = YES;
				GCC_WARN_ABOUT_RETURN_TYPE = YES_ERROR;
				GCC_WARN_UNDECLARED_SELECTOR = YES;
				GCC_WARN_UNINITIALIZED_AUTOS = YES_AGGRESSIVE;
				GCC_WARN_UNUSED_FUNCTION = YES;
				GCC_WARN_UNUSED_VARIABLE = YES;
				IPHONEOS_DEPLOYMENT_TARGET = 13.0;
				MTL_ENABLE_DEBUG_INFO = NO;
				MTL_FAST_MATH = YES;
				SDKROOT = iphoneos;
				SWIFT_COMPILATION_MODE = wholemodule;
				SWIFT_OPTIMIZATION_LEVEL = "-O";
				VALIDATE_PRODUCT = YES;
			};
			name = Release;
		};
		1B2154FB28AD0AFB0091592B /* Debug */ = {
			isa = XCBuildConfiguration;
			buildSettings = {
				ASSETCATALOG_COMPILER_APPICON_NAME = AppIcon;
				ASSETCATALOG_COMPILER_GLOBAL_ACCENT_COLOR_NAME = AccentColor;
				CODE_SIGN_STYLE = Automatic;
				CURRENT_PROJECT_VERSION = 1;
				GENERATE_INFOPLIST_FILE = YES;
				INFOPLIST_FILE = KryptExample/Info.plist;
				INFOPLIST_KEY_UIApplicationSupportsIndirectInputEvents = YES;
				INFOPLIST_KEY_UILaunchStoryboardName = LaunchScreen;
				INFOPLIST_KEY_UIMainStoryboardFile = Main;
				INFOPLIST_KEY_UISupportedInterfaceOrientations_iPad = "UIInterfaceOrientationPortrait UIInterfaceOrientationPortraitUpsideDown UIInterfaceOrientationLandscapeLeft UIInterfaceOrientationLandscapeRight";
				INFOPLIST_KEY_UISupportedInterfaceOrientations_iPhone = "UIInterfaceOrientationPortrait UIInterfaceOrientationLandscapeLeft UIInterfaceOrientationLandscapeRight";
				LD_RUNPATH_SEARCH_PATHS = (
					"$(inherited)",
					"@executable_path/Frameworks",
				);
				MARKETING_VERSION = 1.0;
				PRODUCT_BUNDLE_IDENTIFIER = com.vivy.KryptExample;
				PRODUCT_NAME = "$(TARGET_NAME)";
				SWIFT_EMIT_LOC_STRINGS = YES;
				SWIFT_VERSION = 5.0;
				TARGETED_DEVICE_FAMILY = "1,2";
			};
			name = Debug;
		};
		1B2154FC28AD0AFB0091592B /* Release */ = {
			isa = XCBuildConfiguration;
			buildSettings = {
				ASSETCATALOG_COMPILER_APPICON_NAME = AppIcon;
				ASSETCATALOG_COMPILER_GLOBAL_ACCENT_COLOR_NAME = AccentColor;
				CODE_SIGN_STYLE = Automatic;
				CURRENT_PROJECT_VERSION = 1;
				GENERATE_INFOPLIST_FILE = YES;
				INFOPLIST_FILE = KryptExample/Info.plist;
				INFOPLIST_KEY_UIApplicationSupportsIndirectInputEvents = YES;
				INFOPLIST_KEY_UILaunchStoryboardName = LaunchScreen;
				INFOPLIST_KEY_UIMainStoryboardFile = Main;
				INFOPLIST_KEY_UISupportedInterfaceOrientations_iPad = "UIInterfaceOrientationPortrait UIInterfaceOrientationPortraitUpsideDown UIInterfaceOrientationLandscapeLeft UIInterfaceOrientationLandscapeRight";
				INFOPLIST_KEY_UISupportedInterfaceOrientations_iPhone = "UIInterfaceOrientationPortrait UIInterfaceOrientationLandscapeLeft UIInterfaceOrientationLandscapeRight";
				LD_RUNPATH_SEARCH_PATHS = (
					"$(inherited)",
					"@executable_path/Frameworks",
				);
				MARKETING_VERSION = 1.0;
				PRODUCT_BUNDLE_IDENTIFIER = com.vivy.KryptExample;
				PRODUCT_NAME = "$(TARGET_NAME)";
				SWIFT_EMIT_LOC_STRINGS = YES;
				SWIFT_VERSION = 5.0;
				TARGETED_DEVICE_FAMILY = "1,2";
			};
			name = Release;
		};
		1B2154FE28AD0AFB0091592B /* Debug */ = {
			isa = XCBuildConfiguration;
			buildSettings = {
				ALWAYS_EMBED_SWIFT_STANDARD_LIBRARIES = YES;
				BUNDLE_LOADER = "$(TEST_HOST)";
				CODE_SIGN_STYLE = Automatic;
				CURRENT_PROJECT_VERSION = 1;
				GENERATE_INFOPLIST_FILE = YES;
				IPHONEOS_DEPLOYMENT_TARGET = 13.0;
				MARKETING_VERSION = 1.0;
				PRODUCT_BUNDLE_IDENTIFIER = com.vivy.KryptExampleTests;
				PRODUCT_NAME = "$(TARGET_NAME)";
				SWIFT_EMIT_LOC_STRINGS = NO;
				SWIFT_VERSION = 5.0;
				TARGETED_DEVICE_FAMILY = "1,2";
				TEST_HOST = "$(BUILT_PRODUCTS_DIR)/KryptExample.app/KryptExample";
			};
			name = Debug;
		};
		1B2154FF28AD0AFB0091592B /* Release */ = {
			isa = XCBuildConfiguration;
			buildSettings = {
				ALWAYS_EMBED_SWIFT_STANDARD_LIBRARIES = YES;
				BUNDLE_LOADER = "$(TEST_HOST)";
				CODE_SIGN_STYLE = Automatic;
				CURRENT_PROJECT_VERSION = 1;
				GENERATE_INFOPLIST_FILE = YES;
				IPHONEOS_DEPLOYMENT_TARGET = 13.0;
				MARKETING_VERSION = 1.0;
				PRODUCT_BUNDLE_IDENTIFIER = com.vivy.KryptExampleTests;
				PRODUCT_NAME = "$(TARGET_NAME)";
				SWIFT_EMIT_LOC_STRINGS = NO;
				SWIFT_VERSION = 5.0;
				TARGETED_DEVICE_FAMILY = "1,2";
				TEST_HOST = "$(BUILT_PRODUCTS_DIR)/KryptExample.app/KryptExample";
			};
			name = Release;
		};
/* End XCBuildConfiguration section */

/* Begin XCConfigurationList section */
		1B2154CB28AD0AF70091592B /* Build configuration list for PBXProject "KryptExample" */ = {
			isa = XCConfigurationList;
			buildConfigurations = (
				1B2154F828AD0AFB0091592B /* Debug */,
				1B2154F928AD0AFB0091592B /* Release */,
			);
			defaultConfigurationIsVisible = 0;
			defaultConfigurationName = Release;
		};
		1B2154FA28AD0AFB0091592B /* Build configuration list for PBXNativeTarget "KryptExample" */ = {
			isa = XCConfigurationList;
			buildConfigurations = (
				1B2154FB28AD0AFB0091592B /* Debug */,
				1B2154FC28AD0AFB0091592B /* Release */,
			);
			defaultConfigurationIsVisible = 0;
			defaultConfigurationName = Release;
		};
		1B2154FD28AD0AFB0091592B /* Build configuration list for PBXNativeTarget "KryptExampleTests" */ = {
			isa = XCConfigurationList;
			buildConfigurations = (
				1B2154FE28AD0AFB0091592B /* Debug */,
				1B2154FF28AD0AFB0091592B /* Release */,
			);
			defaultConfigurationIsVisible = 0;
			defaultConfigurationName = Release;
		};
/* End XCConfigurationList section */
	};
	rootObject = 1B2154C828AD0AF70091592B /* Project object */;
}
